
Microsoft Visual Studio Solution File, Format Version 12.00
# Visual Studio Version 16
VisualStudioVersion = 16.0.29306.81
MinimumVisualStudioVersion = 10.0.40219.1
Project("{9A19103F-16F7-4668-BE54-9A1E7A4F7556}") = "eRestoran.WebApi", "eRestoran.WebApi\eRestoran.WebApi.csproj", "{9B22D44E-298C-4ABF-AC9C-DF8BEC5081C6}"
EndProject
Project("{9A19103F-16F7-4668-BE54-9A1E7A4F7556}") = "eRestoran.Model", "eRestoran.Model\eRestoran.Model.csproj", "{964E8046-BB0D-4D4D-9690-06FD57B3769B}"
EndProject
Project("{2150E333-8FDC-42A3-9474-1A3956D46DE8}") = "UI", "UI", "{41E530F8-360D-4AA2-A1EC-3574639A5A61}"
EndProject
Project("{FAE04EC0-301F-11D3-BF4B-00C04F79EFBC}") = "eRestoran.WinUI", "eRestoran.WinUI\eRestoran.WinUI.csproj", "{C7713AF9-9E4F-47E9-AA46-DFDB8C864506}"
EndProject
Project("{2150E333-8FDC-42A3-9474-1A3956D46DE8}") = "eRestoran.Mobile", "eRestoran.Mobile", "{76FD157E-D844-4978-B8A4-1C6F0CFB7617}"
EndProject
Project("{FAE04EC0-301F-11D3-BF4B-00C04F79EFBC}") = "eRestoran.MobileApp.UWP", "eRestoran.MobileApp\eRestoran.MobileApp.UWP\eRestoran.MobileApp.UWP.csproj", "{2A0A2539-180B-4EDC-9704-3939AA24D2DE}"
EndProject
Project("{FAE04EC0-301F-11D3-BF4B-00C04F79EFBC}") = "eRestoran.MobileApp.Android", "eRestoran.MobileApp\eRestoran.MobileApp.Android\eRestoran.MobileApp.Android.csproj", "{EB6DB192-2F8A-4C08-9FCF-616BFAB47DC9}"
EndProject
Project("{FAE04EC0-301F-11D3-BF4B-00C04F79EFBC}") = "eRestoran.MobileApp.iOS", "eRestoran.MobileApp\eRestoran.MobileApp.iOS\eRestoran.MobileApp.iOS.csproj", "{CE78DF0A-7C3C-40B1-AE70-64D7E212DD8F}"
EndProject
Project("{FAE04EC0-301F-11D3-BF4B-00C04F79EFBC}") = "eRestoran.MobileApp", "eRestoran.MobileApp\eRestoran.MobileApp\eRestoran.MobileApp.csproj", "{1FC1B17D-74DE-4F82-B0F3-47DC915D9DFF}"
EndProject
Global
	GlobalSection(SolutionConfigurationPlatforms) = preSolution
		Debug|Any CPU = Debug|Any CPU
		Debug|ARM = Debug|ARM
		Debug|iPhone = Debug|iPhone
		Debug|iPhoneSimulator = Debug|iPhoneSimulator
		Debug|x64 = Debug|x64
		Debug|x86 = Debug|x86
		Release|Any CPU = Release|Any CPU
		Release|ARM = Release|ARM
		Release|iPhone = Release|iPhone
		Release|iPhoneSimulator = Release|iPhoneSimulator
		Release|x64 = Release|x64
		Release|x86 = Release|x86
	EndGlobalSection
	GlobalSection(ProjectConfigurationPlatforms) = postSolution
		{9B22D44E-298C-4ABF-AC9C-DF8BEC5081C6}.Debug|Any CPU.ActiveCfg = Debug|Any CPU
		{9B22D44E-298C-4ABF-AC9C-DF8BEC5081C6}.Debug|Any CPU.Build.0 = Debug|Any CPU
		{9B22D44E-298C-4ABF-AC9C-DF8BEC5081C6}.Debug|ARM.ActiveCfg = Debug|Any CPU
		{9B22D44E-298C-4ABF-AC9C-DF8BEC5081C6}.Debug|ARM.Build.0 = Debug|Any CPU
		{9B22D44E-298C-4ABF-AC9C-DF8BEC5081C6}.Debug|iPhone.ActiveCfg = Debug|Any CPU
		{9B22D44E-298C-4ABF-AC9C-DF8BEC5081C6}.Debug|iPhone.Build.0 = Debug|Any CPU
		{9B22D44E-298C-4ABF-AC9C-DF8BEC5081C6}.Debug|iPhoneSimulator.ActiveCfg = Debug|Any CPU
		{9B22D44E-298C-4ABF-AC9C-DF8BEC5081C6}.Debug|iPhoneSimulator.Build.0 = Debug|Any CPU
		{9B22D44E-298C-4ABF-AC9C-DF8BEC5081C6}.Debug|x64.ActiveCfg = Debug|Any CPU
		{9B22D44E-298C-4ABF-AC9C-DF8BEC5081C6}.Debug|x64.Build.0 = Debug|Any CPU
		{9B22D44E-298C-4ABF-AC9C-DF8BEC5081C6}.Debug|x86.ActiveCfg = Debug|Any CPU
		{9B22D44E-298C-4ABF-AC9C-DF8BEC5081C6}.Debug|x86.Build.0 = Debug|Any CPU
		{9B22D44E-298C-4ABF-AC9C-DF8BEC5081C6}.Release|Any CPU.ActiveCfg = Release|Any CPU
		{9B22D44E-298C-4ABF-AC9C-DF8BEC5081C6}.Release|Any CPU.Build.0 = Release|Any CPU
		{9B22D44E-298C-4ABF-AC9C-DF8BEC5081C6}.Release|ARM.ActiveCfg = Release|Any CPU
		{9B22D44E-298C-4ABF-AC9C-DF8BEC5081C6}.Release|ARM.Build.0 = Release|Any CPU
		{9B22D44E-298C-4ABF-AC9C-DF8BEC5081C6}.Release|iPhone.ActiveCfg = Release|Any CPU
		{9B22D44E-298C-4ABF-AC9C-DF8BEC5081C6}.Release|iPhone.Build.0 = Release|Any CPU
		{9B22D44E-298C-4ABF-AC9C-DF8BEC5081C6}.Release|iPhoneSimulator.ActiveCfg = Release|Any CPU
		{9B22D44E-298C-4ABF-AC9C-DF8BEC5081C6}.Release|iPhoneSimulator.Build.0 = Release|Any CPU
		{9B22D44E-298C-4ABF-AC9C-DF8BEC5081C6}.Release|x64.ActiveCfg = Release|Any CPU
		{9B22D44E-298C-4ABF-AC9C-DF8BEC5081C6}.Release|x64.Build.0 = Release|Any CPU
		{9B22D44E-298C-4ABF-AC9C-DF8BEC5081C6}.Release|x86.ActiveCfg = Release|Any CPU
		{9B22D44E-298C-4ABF-AC9C-DF8BEC5081C6}.Release|x86.Build.0 = Release|Any CPU
		{964E8046-BB0D-4D4D-9690-06FD57B3769B}.Debug|Any CPU.ActiveCfg = Debug|Any CPU
		{964E8046-BB0D-4D4D-9690-06FD57B3769B}.Debug|Any CPU.Build.0 = Debug|Any CPU
		{964E8046-BB0D-4D4D-9690-06FD57B3769B}.Debug|ARM.ActiveCfg = Debug|Any CPU
		{964E8046-BB0D-4D4D-9690-06FD57B3769B}.Debug|ARM.Build.0 = Debug|Any CPU
		{964E8046-BB0D-4D4D-9690-06FD57B3769B}.Debug|iPhone.ActiveCfg = Debug|Any CPU
		{964E8046-BB0D-4D4D-9690-06FD57B3769B}.Debug|iPhone.Build.0 = Debug|Any CPU
		{964E8046-BB0D-4D4D-9690-06FD57B3769B}.Debug|iPhoneSimulator.ActiveCfg = Debug|Any CPU
		{964E8046-BB0D-4D4D-9690-06FD57B3769B}.Debug|iPhoneSimulator.Build.0 = Debug|Any CPU
		{964E8046-BB0D-4D4D-9690-06FD57B3769B}.Debug|x64.ActiveCfg = Debug|Any CPU
		{964E8046-BB0D-4D4D-9690-06FD57B3769B}.Debug|x64.Build.0 = Debug|Any CPU
		{964E8046-BB0D-4D4D-9690-06FD57B3769B}.Debug|x86.ActiveCfg = Debug|Any CPU
		{964E8046-BB0D-4D4D-9690-06FD57B3769B}.Debug|x86.Build.0 = Debug|Any CPU
		{964E8046-BB0D-4D4D-9690-06FD57B3769B}.Release|Any CPU.ActiveCfg = Release|Any CPU
		{964E8046-BB0D-4D4D-9690-06FD57B3769B}.Release|Any CPU.Build.0 = Release|Any CPU
		{964E8046-BB0D-4D4D-9690-06FD57B3769B}.Release|ARM.ActiveCfg = Release|Any CPU
		{964E8046-BB0D-4D4D-9690-06FD57B3769B}.Release|ARM.Build.0 = Release|Any CPU
		{964E8046-BB0D-4D4D-9690-06FD57B3769B}.Release|iPhone.ActiveCfg = Release|Any CPU
		{964E8046-BB0D-4D4D-9690-06FD57B3769B}.Release|iPhone.Build.0 = Release|Any CPU
		{964E8046-BB0D-4D4D-9690-06FD57B3769B}.Release|iPhoneSimulator.ActiveCfg = Release|Any CPU
		{964E8046-BB0D-4D4D-9690-06FD57B3769B}.Release|iPhoneSimulator.Build.0 = Release|Any CPU
		{964E8046-BB0D-4D4D-9690-06FD57B3769B}.Release|x64.ActiveCfg = Release|Any CPU
		{964E8046-BB0D-4D4D-9690-06FD57B3769B}.Release|x64.Build.0 = Release|Any CPU
		{964E8046-BB0D-4D4D-9690-06FD57B3769B}.Release|x86.ActiveCfg = Release|Any CPU
		{964E8046-BB0D-4D4D-9690-06FD57B3769B}.Release|x86.Build.0 = Release|Any CPU
		{C7713AF9-9E4F-47E9-AA46-DFDB8C864506}.Debug|Any CPU.ActiveCfg = Debug|Any CPU
		{C7713AF9-9E4F-47E9-AA46-DFDB8C864506}.Debug|Any CPU.Build.0 = Debug|Any CPU
		{C7713AF9-9E4F-47E9-AA46-DFDB8C864506}.Debug|ARM.ActiveCfg = Debug|Any CPU
		{C7713AF9-9E4F-47E9-AA46-DFDB8C864506}.Debug|ARM.Build.0 = Debug|Any CPU
		{C7713AF9-9E4F-47E9-AA46-DFDB8C864506}.Debug|iPhone.ActiveCfg = Debug|Any CPU
		{C7713AF9-9E4F-47E9-AA46-DFDB8C864506}.Debug|iPhone.Build.0 = Debug|Any CPU
		{C7713AF9-9E4F-47E9-AA46-DFDB8C864506}.Debug|iPhoneSimulator.ActiveCfg = Debug|Any CPU
		{C7713AF9-9E4F-47E9-AA46-DFDB8C864506}.Debug|iPhoneSimulator.Build.0 = Debug|Any CPU
		{C7713AF9-9E4F-47E9-AA46-DFDB8C864506}.Debug|x64.ActiveCfg = Debug|Any CPU
		{C7713AF9-9E4F-47E9-AA46-DFDB8C864506}.Debug|x64.Build.0 = Debug|Any CPU
		{C7713AF9-9E4F-47E9-AA46-DFDB8C864506}.Debug|x86.ActiveCfg = Debug|Any CPU
		{C7713AF9-9E4F-47E9-AA46-DFDB8C864506}.Debug|x86.Build.0 = Debug|Any CPU
		{C7713AF9-9E4F-47E9-AA46-DFDB8C864506}.Release|Any CPU.ActiveCfg = Release|Any CPU
		{C7713AF9-9E4F-47E9-AA46-DFDB8C864506}.Release|Any CPU.Build.0 = Release|Any CPU
		{C7713AF9-9E4F-47E9-AA46-DFDB8C864506}.Release|ARM.ActiveCfg = Release|Any CPU
		{C7713AF9-9E4F-47E9-AA46-DFDB8C864506}.Release|ARM.Build.0 = Release|Any CPU
		{C7713AF9-9E4F-47E9-AA46-DFDB8C864506}.Release|iPhone.ActiveCfg = Release|Any CPU
		{C7713AF9-9E4F-47E9-AA46-DFDB8C864506}.Release|iPhone.Build.0 = Release|Any CPU
		{C7713AF9-9E4F-47E9-AA46-DFDB8C864506}.Release|iPhoneSimulator.ActiveCfg = Release|Any CPU
		{C7713AF9-9E4F-47E9-AA46-DFDB8C864506}.Release|iPhoneSimulator.Build.0 = Release|Any CPU
		{C7713AF9-9E4F-47E9-AA46-DFDB8C864506}.Release|x64.ActiveCfg = Release|Any CPU
		{C7713AF9-9E4F-47E9-AA46-DFDB8C864506}.Release|x64.Build.0 = Release|Any CPU
		{C7713AF9-9E4F-47E9-AA46-DFDB8C864506}.Release|x86.ActiveCfg = Release|Any CPU
		{C7713AF9-9E4F-47E9-AA46-DFDB8C864506}.Release|x86.Build.0 = Release|Any CPU
		{2A0A2539-180B-4EDC-9704-3939AA24D2DE}.Debug|Any CPU.ActiveCfg = Debug|x86
		{2A0A2539-180B-4EDC-9704-3939AA24D2DE}.Debug|ARM.ActiveCfg = Debug|ARM
		{2A0A2539-180B-4EDC-9704-3939AA24D2DE}.Debug|ARM.Build.0 = Debug|ARM
		{2A0A2539-180B-4EDC-9704-3939AA24D2DE}.Debug|ARM.Deploy.0 = Debug|ARM
		{2A0A2539-180B-4EDC-9704-3939AA24D2DE}.Debug|iPhone.ActiveCfg = Debug|x86
		{2A0A2539-180B-4EDC-9704-3939AA24D2DE}.Debug|iPhoneSimulator.ActiveCfg = Debug|x86
		{2A0A2539-180B-4EDC-9704-3939AA24D2DE}.Debug|x64.ActiveCfg = Debug|x64
		{2A0A2539-180B-4EDC-9704-3939AA24D2DE}.Debug|x64.Build.0 = Debug|x64
		{2A0A2539-180B-4EDC-9704-3939AA24D2DE}.Debug|x64.Deploy.0 = Debug|x64
		{2A0A2539-180B-4EDC-9704-3939AA24D2DE}.Debug|x86.ActiveCfg = Debug|x86
		{2A0A2539-180B-4EDC-9704-3939AA24D2DE}.Debug|x86.Build.0 = Debug|x86
		{2A0A2539-180B-4EDC-9704-3939AA24D2DE}.Debug|x86.Deploy.0 = Debug|x86
		{2A0A2539-180B-4EDC-9704-3939AA24D2DE}.Release|Any CPU.ActiveCfg = Release|x86
		{2A0A2539-180B-4EDC-9704-3939AA24D2DE}.Release|ARM.ActiveCfg = Release|ARM
		{2A0A2539-180B-4EDC-9704-3939AA24D2DE}.Release|ARM.Build.0 = Release|ARM
		{2A0A2539-180B-4EDC-9704-3939AA24D2DE}.Release|ARM.Deploy.0 = Release|ARM
		{2A0A2539-180B-4EDC-9704-3939AA24D2DE}.Release|iPhone.ActiveCfg = Release|x86
		{2A0A2539-180B-4EDC-9704-3939AA24D2DE}.Release|iPhoneSimulator.ActiveCfg = Release|x86
		{2A0A2539-180B-4EDC-9704-3939AA24D2DE}.Release|x64.ActiveCfg = Release|x64
		{2A0A2539-180B-4EDC-9704-3939AA24D2DE}.Release|x64.Build.0 = Release|x64
		{2A0A2539-180B-4EDC-9704-3939AA24D2DE}.Release|x64.Deploy.0 = Release|x64
		{2A0A2539-180B-4EDC-9704-3939AA24D2DE}.Release|x86.ActiveCfg = Release|x86
		{2A0A2539-180B-4EDC-9704-3939AA24D2DE}.Release|x86.Build.0 = Release|x86
		{2A0A2539-180B-4EDC-9704-3939AA24D2DE}.Release|x86.Deploy.0 = Release|x86
		{EB6DB192-2F8A-4C08-9FCF-616BFAB47DC9}.Debug|Any CPU.ActiveCfg = Debug|Any CPU
		{EB6DB192-2F8A-4C08-9FCF-616BFAB47DC9}.Debug|Any CPU.Build.0 = Debug|Any CPU
		{EB6DB192-2F8A-4C08-9FCF-616BFAB47DC9}.Debug|Any CPU.Deploy.0 = Debug|Any CPU
		{EB6DB192-2F8A-4C08-9FCF-616BFAB47DC9}.Debug|ARM.ActiveCfg = Debug|Any CPU
		{EB6DB192-2F8A-4C08-9FCF-616BFAB47DC9}.Debug|ARM.Build.0 = Debug|Any CPU
		{EB6DB192-2F8A-4C08-9FCF-616BFAB47DC9}.Debug|ARM.Deploy.0 = Debug|Any CPU
		{EB6DB192-2F8A-4C08-9FCF-616BFAB47DC9}.Debug|iPhone.ActiveCfg = Debug|Any CPU
		{EB6DB192-2F8A-4C08-9FCF-616BFAB47DC9}.Debug|iPhone.Build.0 = Debug|Any CPU
		{EB6DB192-2F8A-4C08-9FCF-616BFAB47DC9}.Debug|iPhone.Deploy.0 = Debug|Any CPU
		{EB6DB192-2F8A-4C08-9FCF-616BFAB47DC9}.Debug|iPhoneSimulator.ActiveCfg = Debug|Any CPU
		{EB6DB192-2F8A-4C08-9FCF-616BFAB47DC9}.Debug|iPhoneSimulator.Build.0 = Debug|Any CPU
		{EB6DB192-2F8A-4C08-9FCF-616BFAB47DC9}.Debug|iPhoneSimulator.Deploy.0 = Debug|Any CPU
		{EB6DB192-2F8A-4C08-9FCF-616BFAB47DC9}.Debug|x64.ActiveCfg = Debug|Any CPU
		{EB6DB192-2F8A-4C08-9FCF-616BFAB47DC9}.Debug|x64.Build.0 = Debug|Any CPU
		{EB6DB192-2F8A-4C08-9FCF-616BFAB47DC9}.Debug|x64.Deploy.0 = Debug|Any CPU
		{EB6DB192-2F8A-4C08-9FCF-616BFAB47DC9}.Debug|x86.ActiveCfg = Debug|Any CPU
		{EB6DB192-2F8A-4C08-9FCF-616BFAB47DC9}.Debug|x86.Build.0 = Debug|Any CPU
		{EB6DB192-2F8A-4C08-9FCF-616BFAB47DC9}.Debug|x86.Deploy.0 = Debug|Any CPU
		{EB6DB192-2F8A-4C08-9FCF-616BFAB47DC9}.Release|Any CPU.ActiveCfg = Release|Any CPU
		{EB6DB192-2F8A-4C08-9FCF-616BFAB47DC9}.Release|Any CPU.Build.0 = Release|Any CPU
		{EB6DB192-2F8A-4C08-9FCF-616BFAB47DC9}.Release|Any CPU.Deploy.0 = Release|Any CPU
		{EB6DB192-2F8A-4C08-9FCF-616BFAB47DC9}.Release|ARM.ActiveCfg = Release|Any CPU
		{EB6DB192-2F8A-4C08-9FCF-616BFAB47DC9}.Release|ARM.Build.0 = Release|Any CPU
		{EB6DB192-2F8A-4C08-9FCF-616BFAB47DC9}.Release|ARM.Deploy.0 = Release|Any CPU
		{EB6DB192-2F8A-4C08-9FCF-616BFAB47DC9}.Release|iPhone.ActiveCfg = Release|Any CPU
		{EB6DB192-2F8A-4C08-9FCF-616BFAB47DC9}.Release|iPhone.Build.0 = Release|Any CPU
		{EB6DB192-2F8A-4C08-9FCF-616BFAB47DC9}.Release|iPhone.Deploy.0 = Release|Any CPU
		{EB6DB192-2F8A-4C08-9FCF-616BFAB47DC9}.Release|iPhoneSimulator.ActiveCfg = Release|Any CPU
		{EB6DB192-2F8A-4C08-9FCF-616BFAB47DC9}.Release|iPhoneSimulator.Build.0 = Release|Any CPU
		{EB6DB192-2F8A-4C08-9FCF-616BFAB47DC9}.Release|iPhoneSimulator.Deploy.0 = Release|Any CPU
		{EB6DB192-2F8A-4C08-9FCF-616BFAB47DC9}.Release|x64.ActiveCfg = Release|Any CPU
		{EB6DB192-2F8A-4C08-9FCF-616BFAB47DC9}.Release|x64.Build.0 = Release|Any CPU
		{EB6DB192-2F8A-4C08-9FCF-616BFAB47DC9}.Release|x64.Deploy.0 = Release|Any CPU
		{EB6DB192-2F8A-4C08-9FCF-616BFAB47DC9}.Release|x86.ActiveCfg = Release|Any CPU
		{EB6DB192-2F8A-4C08-9FCF-616BFAB47DC9}.Release|x86.Build.0 = Release|Any CPU
		{EB6DB192-2F8A-4C08-9FCF-616BFAB47DC9}.Release|x86.Deploy.0 = Release|Any CPU
		{CE78DF0A-7C3C-40B1-AE70-64D7E212DD8F}.Debug|Any CPU.ActiveCfg = Debug|iPhone
		{CE78DF0A-7C3C-40B1-AE70-64D7E212DD8F}.Debug|ARM.ActiveCfg = Debug|iPhone
		{CE78DF0A-7C3C-40B1-AE70-64D7E212DD8F}.Debug|iPhone.ActiveCfg = Debug|iPhone
		{CE78DF0A-7C3C-40B1-AE70-64D7E212DD8F}.Debug|iPhone.Build.0 = Debug|iPhone
		{CE78DF0A-7C3C-40B1-AE70-64D7E212DD8F}.Debug|iPhoneSimulator.ActiveCfg = Debug|iPhoneSimulator
		{CE78DF0A-7C3C-40B1-AE70-64D7E212DD8F}.Debug|iPhoneSimulator.Build.0 = Debug|iPhoneSimulator
		{CE78DF0A-7C3C-40B1-AE70-64D7E212DD8F}.Debug|x64.ActiveCfg = Debug|iPhone
		{CE78DF0A-7C3C-40B1-AE70-64D7E212DD8F}.Debug|x86.ActiveCfg = Debug|iPhone
		{CE78DF0A-7C3C-40B1-AE70-64D7E212DD8F}.Release|Any CPU.ActiveCfg = Release|iPhone
		{CE78DF0A-7C3C-40B1-AE70-64D7E212DD8F}.Release|ARM.ActiveCfg = Release|iPhone
		{CE78DF0A-7C3C-40B1-AE70-64D7E212DD8F}.Release|iPhone.ActiveCfg = Release|iPhone
		{CE78DF0A-7C3C-40B1-AE70-64D7E212DD8F}.Release|iPhone.Build.0 = Release|iPhone
		{CE78DF0A-7C3C-40B1-AE70-64D7E212DD8F}.Release|iPhoneSimulator.ActiveCfg = Release|iPhoneSimulator
		{CE78DF0A-7C3C-40B1-AE70-64D7E212DD8F}.Release|iPhoneSimulator.Build.0 = Release|iPhoneSimulator
		{CE78DF0A-7C3C-40B1-AE70-64D7E212DD8F}.Release|x64.ActiveCfg = Release|iPhone
		{CE78DF0A-7C3C-40B1-AE70-64D7E212DD8F}.Release|x86.ActiveCfg = Release|iPhone
		{1FC1B17D-74DE-4F82-B0F3-47DC915D9DFF}.Debug|Any CPU.ActiveCfg = Debug|Any CPU
		{1FC1B17D-74DE-4F82-B0F3-47DC915D9DFF}.Debug|Any CPU.Build.0 = Debug|Any CPU
		{1FC1B17D-74DE-4F82-B0F3-47DC915D9DFF}.Debug|ARM.ActiveCfg = Debug|Any CPU
		{1FC1B17D-74DE-4F82-B0F3-47DC915D9DFF}.Debug|ARM.Build.0 = Debug|Any CPU
		{1FC1B17D-74DE-4F82-B0F3-47DC915D9DFF}.Debug|iPhone.ActiveCfg = Debug|Any CPU
		{1FC1B17D-74DE-4F82-B0F3-47DC915D9DFF}.Debug|iPhone.Build.0 = Debug|Any CPU
		{1FC1B17D-74DE-4F82-B0F3-47DC915D9DFF}.Debug|iPhoneSimulator.ActiveCfg = Debug|Any CPU
		{1FC1B17D-74DE-4F82-B0F3-47DC915D9DFF}.Debug|iPhoneSimulator.Build.0 = Debug|Any CPU
		{1FC1B17D-74DE-4F82-B0F3-47DC915D9DFF}.Debug|x64.ActiveCfg = Debug|Any CPU
		{1FC1B17D-74DE-4F82-B0F3-47DC915D9DFF}.Debug|x64.Build.0 = Debug|Any CPU
		{1FC1B17D-74DE-4F82-B0F3-47DC915D9DFF}.Debug|x86.ActiveCfg = Debug|Any CPU
		{1FC1B17D-74DE-4F82-B0F3-47DC915D9DFF}.Debug|x86.Build.0 = Debug|Any CPU
		{1FC1B17D-74DE-4F82-B0F3-47DC915D9DFF}.Release|Any CPU.ActiveCfg = Release|Any CPU
		{1FC1B17D-74DE-4F82-B0F3-47DC915D9DFF}.Release|Any CPU.Build.0 = Release|Any CPU
		{1FC1B17D-74DE-4F82-B0F3-47DC915D9DFF}.Release|ARM.ActiveCfg = Release|Any CPU
		{1FC1B17D-74DE-4F82-B0F3-47DC915D9DFF}.Release|ARM.Build.0 = Release|Any CPU
		{1FC1B17D-74DE-4F82-B0F3-47DC915D9DFF}.Release|iPhone.ActiveCfg = Release|Any CPU
		{1FC1B17D-74DE-4F82-B0F3-47DC915D9DFF}.Release|iPhone.Build.0 = Release|Any CPU
		{1FC1B17D-74DE-4F82-B0F3-47DC915D9DFF}.Release|iPhoneSimulator.ActiveCfg = Release|Any CPU
		{1FC1B17D-74DE-4F82-B0F3-47DC915D9DFF}.Release|iPhoneSimulator.Build.0 = Release|Any CPU
		{1FC1B17D-74DE-4F82-B0F3-47DC915D9DFF}.Release|x64.ActiveCfg = Release|Any CPU
		{1FC1B17D-74DE-4F82-B0F3-47DC915D9DFF}.Release|x64.Build.0 = Release|Any CPU
		{1FC1B17D-74DE-4F82-B0F3-47DC915D9DFF}.Release|x86.ActiveCfg = Release|Any CPU
		{1FC1B17D-74DE-4F82-B0F3-47DC915D9DFF}.Release|x86.Build.0 = Release|Any CPU
	EndGlobalSection
	GlobalSection(SolutionProperties) = preSolution
		HideSolutionNode = FALSE
	EndGlobalSection
	GlobalSection(NestedProjects) = preSolution
		{C7713AF9-9E4F-47E9-AA46-DFDB8C864506} = {41E530F8-360D-4AA2-A1EC-3574639A5A61}
		{76FD157E-D844-4978-B8A4-1C6F0CFB7617} = {41E530F8-360D-4AA2-A1EC-3574639A5A61}
		{2A0A2539-180B-4EDC-9704-3939AA24D2DE} = {76FD157E-D844-4978-B8A4-1C6F0CFB7617}
		{EB6DB192-2F8A-4C08-9FCF-616BFAB47DC9} = {76FD157E-D844-4978-B8A4-1C6F0CFB7617}
		{CE78DF0A-7C3C-40B1-AE70-64D7E212DD8F} = {76FD157E-D844-4978-B8A4-1C6F0CFB7617}
		{1FC1B17D-74DE-4F82-B0F3-47DC915D9DFF} = {76FD157E-D844-4978-B8A4-1C6F0CFB7617}
	EndGlobalSection
	GlobalSection(ExtensibilityGlobals) = postSolution
		SolutionGuid = {C752587B-0F08-4681-8232-2EB83BA2E7CA}
	EndGlobalSection
EndGlobal
